
Microsoft Visual Studio Solution File, Format Version 12.00
# Visual Studio 2013
VisualStudioVersion = 12.0.40629.0
MinimumVisualStudioVersion = 10.0.40219.1
Project("{8BC9CEB8-8B4A-11D0-8D11-00A0C91BC942}") = "2021_5_9", "2021_5_9\2021_5_9.vcxproj", "{D483B925-1FE3-41EE-A37E-490147ED509F}"
EndProject
Global
	GlobalSection(SolutionConfigurationPlatforms) = preSolution
		Debug|Win32 = Debug|Win32
		Release|Win32 = Release|Win32
	EndGlobalSection
	GlobalSection(ProjectConfigurationPlatforms) = postSolution
		{D483B925-1FE3-41EE-A37E-490147ED509F}.Debug|Win32.ActiveCfg = Debug|Win32
		{D483B925-1FE3-41EE-A37E-490147ED509F}.Debug|Win32.Build.0 = Debug|Win32
		{D483B925-1FE3-41EE-A37E-490147ED509F}.Release|Win32.ActiveCfg = Release|Win32
		{D483B925-1FE3-41EE-A37E-490147ED509F}.Release|Win32.Build.0 = Release|Win32
	EndGlobalSection
	GlobalSection(SolutionProperties) = preSolution
		HideSolutionNode = FALSE
	EndGlobalSection
EndGlobal
